// !$*UTF8*$!
{
	archiveVersion = 1;
	classes = {
	};
	objectVersion = 56;
	objects = {

/* Begin PBXBuildFile section */
		15AF12EC29B8E7400089E99F /* MeetingHeaderView.swift in Sources */ = {isa = PBXBuildFile; fileRef = 15AF12EB29B8E7400089E99F /* MeetingHeaderView.swift */; };
		15AF12EF29B8EABE0089E99F /* AVPlayer+Ding.swift in Sources */ = {isa = PBXBuildFile; fileRef = 15AF12ED29B8EABE0089E99F /* AVPlayer+Ding.swift */; };
		15AF12F029B8EABE0089E99F /* ScrumTimer.swift in Sources */ = {isa = PBXBuildFile; fileRef = 15AF12EE29B8EABE0089E99F /* ScrumTimer.swift */; };
		15AF12F229B8EACB0089E99F /* ScrumProgressViewStyle.swift in Sources */ = {isa = PBXBuildFile; fileRef = 15AF12F129B8EACB0089E99F /* ScrumProgressViewStyle.swift */; };
		15AF12F429B8EDF80089E99F /* MeetingFooterView.swift in Sources */ = {isa = PBXBuildFile; fileRef = 15AF12F329B8EDF80089E99F /* MeetingFooterView.swift */; };
		15AF12FA29B947980089E99F /* ding.wav in Resources */ = {isa = PBXBuildFile; fileRef = 15AF12F929B947980089E99F /* ding.wav */; };
		15AF12FC29B94EF30089E99F /* History.swift in Sources */ = {isa = PBXBuildFile; fileRef = 15AF12FB29B94EF30089E99F /* History.swift */; };
		15AF12FF29BABCE40089E99F /* ScrumStore.swift in Sources */ = {isa = PBXBuildFile; fileRef = 15AF12FE29BABCE40089E99F /* ScrumStore.swift */; };
		15E4575C29B640BE006B3C81 /* DetailEditView.swift in Sources */ = {isa = PBXBuildFile; fileRef = 15E4575B29B640BE006B3C81 /* DetailEditView.swift */; };
		15E4575E29B7A38C006B3C81 /* ThemeView.swift in Sources */ = {isa = PBXBuildFile; fileRef = 15E4575D29B7A38C006B3C81 /* ThemeView.swift */; };
		15E4576029B7A4D3006B3C81 /* ThemePicker.swift in Sources */ = {isa = PBXBuildFile; fileRef = 15E4575F29B7A4D3006B3C81 /* ThemePicker.swift */; };
		15F6A7B129AFC5AE000454FD /* ScrumDingerAppleApp.swift in Sources */ = {isa = PBXBuildFile; fileRef = 15F6A7B029AFC5AE000454FD /* ScrumDingerAppleApp.swift */; };
		15F6A7B329AFC5AE000454FD /* MeetingView.swift in Sources */ = {isa = PBXBuildFile; fileRef = 15F6A7B229AFC5AE000454FD /* MeetingView.swift */; };
		15F6A7B529AFC5AF000454FD /* Assets.xcassets in Resources */ = {isa = PBXBuildFile; fileRef = 15F6A7B429AFC5AF000454FD /* Assets.xcassets */; };
		15F6A7B829AFC5AF000454FD /* Preview Assets.xcassets in Resources */ = {isa = PBXBuildFile; fileRef = 15F6A7B729AFC5AF000454FD /* Preview Assets.xcassets */; };
		15F6A7C029AFCAF0000454FD /* Theme.swift in Sources */ = {isa = PBXBuildFile; fileRef = 15F6A7BF29AFCAF0000454FD /* Theme.swift */; };
		15F6A7C229AFCB92000454FD /* DailyScrum.swift in Sources */ = {isa = PBXBuildFile; fileRef = 15F6A7C129AFCB92000454FD /* DailyScrum.swift */; };
		15F6A7C429AFCC7D000454FD /* CardView.swift in Sources */ = {isa = PBXBuildFile; fileRef = 15F6A7C329AFCC7D000454FD /* CardView.swift */; };
		15F6A7C629AFD38C000454FD /* TrailingIconLabelStyle.swift in Sources */ = {isa = PBXBuildFile; fileRef = 15F6A7C529AFD38C000454FD /* TrailingIconLabelStyle.swift */; };
		15F6A7C829B12231000454FD /* ScrumView.swift in Sources */ = {isa = PBXBuildFile; fileRef = 15F6A7C729B12231000454FD /* ScrumView.swift */; };
		15F6A7CA29B13AD0000454FD /* DetailView.swift in Sources */ = {isa = PBXBuildFile; fileRef = 15F6A7C929B13AD0000454FD /* DetailView.swift */; };
/* End PBXBuildFile section */

/* Begin PBXFileReference section */
		15AF12EB29B8E7400089E99F /* MeetingHeaderView.swift */ = {isa = PBXFileReference; lastKnownFileType = sourcecode.swift; path = MeetingHeaderView.swift; sourceTree = "<group>"; };
		15AF12ED29B8EABE0089E99F /* AVPlayer+Ding.swift */ = {isa = PBXFileReference; fileEncoding = 4; lastKnownFileType = sourcecode.swift; path = "AVPlayer+Ding.swift"; sourceTree = "<group>"; };
		15AF12EE29B8EABE0089E99F /* ScrumTimer.swift */ = {isa = PBXFileReference; fileEncoding = 4; lastKnownFileType = sourcecode.swift; path = ScrumTimer.swift; sourceTree = "<group>"; };
		15AF12F129B8EACB0089E99F /* ScrumProgressViewStyle.swift */ = {isa = PBXFileReference; fileEncoding = 4; lastKnownFileType = sourcecode.swift; path = ScrumProgressViewStyle.swift; sourceTree = "<group>"; };
		15AF12F329B8EDF80089E99F /* MeetingFooterView.swift */ = {isa = PBXFileReference; lastKnownFileType = sourcecode.swift; path = MeetingFooterView.swift; sourceTree = "<group>"; };
		15AF12F929B947980089E99F /* ding.wav */ = {isa = PBXFileReference; lastKnownFileType = audio.wav; path = ding.wav; sourceTree = "<group>"; };
		15AF12FB29B94EF30089E99F /* History.swift */ = {isa = PBXFileReference; lastKnownFileType = sourcecode.swift; path = History.swift; sourceTree = "<group>"; };
		15AF12FE29BABCE40089E99F /* ScrumStore.swift */ = {isa = PBXFileReference; lastKnownFileType = sourcecode.swift; path = ScrumStore.swift; sourceTree = "<group>"; };
		15E4575B29B640BE006B3C81 /* DetailEditView.swift */ = {isa = PBXFileReference; lastKnownFileType = sourcecode.swift; path = DetailEditView.swift; sourceTree = "<group>"; };
		15E4575D29B7A38C006B3C81 /* ThemeView.swift */ = {isa = PBXFileReference; lastKnownFileType = sourcecode.swift; path = ThemeView.swift; sourceTree = "<group>"; };
		15E4575F29B7A4D3006B3C81 /* ThemePicker.swift */ = {isa = PBXFileReference; lastKnownFileType = sourcecode.swift; path = ThemePicker.swift; sourceTree = "<group>"; };
		15F6A7AD29AFC5AE000454FD /* ScrumDingerApple.app */ = {isa = PBXFileReference; explicitFileType = wrapper.application; includeInIndex = 0; path = ScrumDingerApple.app; sourceTree = BUILT_PRODUCTS_DIR; };
		15F6A7B029AFC5AE000454FD /* ScrumDingerAppleApp.swift */ = {isa = PBXFileReference; lastKnownFileType = sourcecode.swift; path = ScrumDingerAppleApp.swift; sourceTree = "<group>"; };
		15F6A7B229AFC5AE000454FD /* MeetingView.swift */ = {isa = PBXFileReference; lastKnownFileType = sourcecode.swift; path = MeetingView.swift; sourceTree = "<group>"; };
		15F6A7B429AFC5AF000454FD /* Assets.xcassets */ = {isa = PBXFileReference; lastKnownFileType = folder.assetcatalog; path = Assets.xcassets; sourceTree = "<group>"; };
		15F6A7B729AFC5AF000454FD /* Preview Assets.xcassets */ = {isa = PBXFileReference; lastKnownFileType = folder.assetcatalog; path = "Preview Assets.xcassets"; sourceTree = "<group>"; };
		15F6A7BF29AFCAF0000454FD /* Theme.swift */ = {isa = PBXFileReference; lastKnownFileType = sourcecode.swift; path = Theme.swift; sourceTree = "<group>"; };
		15F6A7C129AFCB92000454FD /* DailyScrum.swift */ = {isa = PBXFileReference; lastKnownFileType = sourcecode.swift; path = DailyScrum.swift; sourceTree = "<group>"; };
		15F6A7C329AFCC7D000454FD /* CardView.swift */ = {isa = PBXFileReference; lastKnownFileType = sourcecode.swift; path = CardView.swift; sourceTree = "<group>"; };
		15F6A7C529AFD38C000454FD /* TrailingIconLabelStyle.swift */ = {isa = PBXFileReference; lastKnownFileType = sourcecode.swift; path = TrailingIconLabelStyle.swift; sourceTree = "<group>"; };
		15F6A7C729B12231000454FD /* ScrumView.swift */ = {isa = PBXFileReference; lastKnownFileType = sourcecode.swift; path = ScrumView.swift; sourceTree = "<group>"; };
		15F6A7C929B13AD0000454FD /* DetailView.swift */ = {isa = PBXFileReference; lastKnownFileType = sourcecode.swift; path = DetailView.swift; sourceTree = "<group>"; };
/* End PBXFileReference section */

/* Begin PBXFrameworksBuildPhase section */
		15F6A7AA29AFC5AE000454FD /* Frameworks */ = {
			isa = PBXFrameworksBuildPhase;
			buildActionMask = 2147483647;
			files = (
			);
			runOnlyForDeploymentPostprocessing = 0;
		};
/* End PBXFrameworksBuildPhase section */

/* Begin PBXGroup section */
		15F6A7A429AFC5AD000454FD = {
			isa = PBXGroup;
			children = (
				15F6A7AF29AFC5AE000454FD /* ScrumDingerApple */,
				15F6A7AE29AFC5AE000454FD /* Products */,
			);
			sourceTree = "<group>";
		};
		15F6A7AE29AFC5AE000454FD /* Products */ = {
			isa = PBXGroup;
			children = (
				15F6A7AD29AFC5AE000454FD /* ScrumDingerApple.app */,
			);
			name = Products;
			sourceTree = "<group>";
		};
		15F6A7AF29AFC5AE000454FD /* ScrumDingerApple */ = {
			isa = PBXGroup;
			children = (
				15F6A7B629AFC5AF000454FD /* Preview Content */,
				15F6A7BE29AFCAE1000454FD /* Models */,
				15F6A7C529AFD38C000454FD /* TrailingIconLabelStyle.swift */,
				15F6A7B029AFC5AE000454FD /* ScrumDingerAppleApp.swift */,
				15F6A7C729B12231000454FD /* ScrumView.swift */,
				15F6A7C329AFCC7D000454FD /* CardView.swift */,
				15F6A7C929B13AD0000454FD /* DetailView.swift */,
				15E4575B29B640BE006B3C81 /* DetailEditView.swift */,
				15E4575F29B7A4D3006B3C81 /* ThemePicker.swift */,
				15E4575D29B7A38C006B3C81 /* ThemeView.swift */,
				15F6A7B229AFC5AE000454FD /* MeetingView.swift */,
				15AF12F129B8EACB0089E99F /* ScrumProgressViewStyle.swift */,
				15AF12EB29B8E7400089E99F /* MeetingHeaderView.swift */,
				15AF12F329B8EDF80089E99F /* MeetingFooterView.swift */,
				15F6A7B429AFC5AF000454FD /* Assets.xcassets */,
				15AF12F929B947980089E99F /* ding.wav */,
			);
			path = ScrumDingerApple;
			sourceTree = "<group>";
		};
		15F6A7B629AFC5AF000454FD /* Preview Content */ = {
			isa = PBXGroup;
			children = (
				15F6A7B729AFC5AF000454FD /* Preview Assets.xcassets */,
			);
			path = "Preview Content";
			sourceTree = "<group>";
		};
		15F6A7BE29AFCAE1000454FD /* Models */ = {
			isa = PBXGroup;
			children = (
				15AF12ED29B8EABE0089E99F /* AVPlayer+Ding.swift */,
				15AF12EE29B8EABE0089E99F /* ScrumTimer.swift */,
				15F6A7BF29AFCAF0000454FD /* Theme.swift */,
				15F6A7C129AFCB92000454FD /* DailyScrum.swift */,
				15AF12FB29B94EF30089E99F /* History.swift */,
				15AF12FE29BABCE40089E99F /* ScrumStore.swift */,
			);
			path = Models;
			sourceTree = "<group>";
		};
/* End PBXGroup section */

/* Begin PBXNativeTarget section */
		15F6A7AC29AFC5AE000454FD /* ScrumDingerApple */ = {
			isa = PBXNativeTarget;
			buildConfigurationList = 15F6A7BB29AFC5AF000454FD /* Build configuration list for PBXNativeTarget "ScrumDingerApple" */;
			buildPhases = (
				15F6A7A929AFC5AE000454FD /* Sources */,
				15F6A7AA29AFC5AE000454FD /* Frameworks */,
				15F6A7AB29AFC5AE000454FD /* Resources */,
			);
			buildRules = (
			);
			dependencies = (
			);
			name = ScrumDingerApple;
			productName = ScrumDingerApple;
			productReference = 15F6A7AD29AFC5AE000454FD /* ScrumDingerApple.app */;
			productType = "com.apple.product-type.application";
		};
/* End PBXNativeTarget section */

/* Begin PBXProject section */
		15F6A7A529AFC5AD000454FD /* Project object */ = {
			isa = PBXProject;
			attributes = {
				BuildIndependentTargetsInParallel = 1;
				LastSwiftUpdateCheck = 1420;
				LastUpgradeCheck = 1420;
				TargetAttributes = {
					15F6A7AC29AFC5AE000454FD = {
						CreatedOnToolsVersion = 14.2;
					};
				};
			};
			buildConfigurationList = 15F6A7A829AFC5AD000454FD /* Build configuration list for PBXProject "ScrumDingerApple" */;
			compatibilityVersion = "Xcode 14.0";
			developmentRegion = en;
			hasScannedForEncodings = 0;
			knownRegions = (
				en,
				Base,
			);
			mainGroup = 15F6A7A429AFC5AD000454FD;
			productRefGroup = 15F6A7AE29AFC5AE000454FD /* Products */;
			projectDirPath = "";
			projectRoot = "";
			targets = (
				15F6A7AC29AFC5AE000454FD /* ScrumDingerApple */,
			);
		};
/* End PBXProject section */

/* Begin PBXResourcesBuildPhase section */
		15F6A7AB29AFC5AE000454FD /* Resources */ = {
			isa = PBXResourcesBuildPhase;
			buildActionMask = 2147483647;
			files = (
				15AF12FA29B947980089E99F /* ding.wav in Resources */,
				15F6A7B829AFC5AF000454FD /* Preview Assets.xcassets in Resources */,
				15F6A7B529AFC5AF000454FD /* Assets.xcassets in Resources */,
			);
			runOnlyForDeploymentPostprocessing = 0;
		};
/* End PBXResourcesBuildPhase section */

/* Begin PBXSourcesBuildPhase section */
		15F6A7A929AFC5AE000454FD /* Sources */ = {
			isa = PBXSourcesBuildPhase;
			buildActionMask = 2147483647;
			files = (
				15AF12FC29B94EF30089E99F /* History.swift in Sources */,
				15E4576029B7A4D3006B3C81 /* ThemePicker.swift in Sources */,
				15F6A7C229AFCB92000454FD /* DailyScrum.swift in Sources */,
				15AF12F029B8EABE0089E99F /* ScrumTimer.swift in Sources */,
				15AF12FF29BABCE40089E99F /* ScrumStore.swift in Sources */,
				15F6A7CA29B13AD0000454FD /* DetailView.swift in Sources */,
				15AF12EF29B8EABE0089E99F /* AVPlayer+Ding.swift in Sources */,
				15AF12F429B8EDF80089E99F /* MeetingFooterView.swift in Sources */,
				15AF12EC29B8E7400089E99F /* MeetingHeaderView.swift in Sources */,
				15E4575C29B640BE006B3C81 /* DetailEditView.swift in Sources */,
				15F6A7C829B12231000454FD /* ScrumView.swift in Sources */,
				15AF12F229B8EACB0089E99F /* ScrumProgressViewStyle.swift in Sources */,
				15F6A7C629AFD38C000454FD /* TrailingIconLabelStyle.swift in Sources */,
				15F6A7C029AFCAF0000454FD /* Theme.swift in Sources */,
				15F6A7B329AFC5AE000454FD /* MeetingView.swift in Sources */,
				15F6A7B129AFC5AE000454FD /* ScrumDingerAppleApp.swift in Sources */,
				15E4575E29B7A38C006B3C81 /* ThemeView.swift in Sources */,
				15F6A7C429AFCC7D000454FD /* CardView.swift in Sources */,
			);
			runOnlyForDeploymentPostprocessing = 0;
		};
/* End PBXSourcesBuildPhase section */

/* Begin XCBuildConfiguration section */
		15F6A7B929AFC5AF000454FD /* Debug */ = {
			isa = XCBuildConfiguration;
			buildSettings = {
				ALWAYS_SEARCH_USER_PATHS = NO;
				CLANG_ANALYZER_NONNULL = YES;
				CLANG_ANALYZER_NUMBER_OBJECT_CONVERSION = YES_AGGRESSIVE;
				CLANG_CXX_LANGUAGE_STANDARD = "gnu++20";
				CLANG_ENABLE_MODULES = YES;
				CLANG_ENABLE_OBJC_ARC = YES;
				CLANG_ENABLE_OBJC_WEAK = YES;
				CLANG_WARN_BLOCK_CAPTURE_AUTORELEASING = YES;
				CLANG_WARN_BOOL_CONVERSION = YES;
				CLANG_WARN_COMMA = YES;
				CLANG_WARN_CONSTANT_CONVERSION = YES;
				CLANG_WARN_DEPRECATED_OBJC_IMPLEMENTATIONS = YES;
				CLANG_WARN_DIRECT_OBJC_ISA_USAGE = YES_ERROR;
				CLANG_WARN_DOCUMENTATION_COMMENTS = YES;
				CLANG_WARN_EMPTY_BODY = YES;
				CLANG_WARN_ENUM_CONVERSION = YES;
				CLANG_WARN_INFINITE_RECURSION = YES;
				CLANG_WARN_INT_CONVERSION = YES;
				CLANG_WARN_NON_LITERAL_NULL_CONVERSION = YES;
				CLANG_WARN_OBJC_IMPLICIT_RETAIN_SELF = YES;
				CLANG_WARN_OBJC_LITERAL_CONVERSION = YES;
				CLANG_WARN_OBJC_ROOT_CLASS = YES_ERROR;
				CLANG_WARN_QUOTED_INCLUDE_IN_FRAMEWORK_HEADER = YES;
				CLANG_WARN_RANGE_LOOP_ANALYSIS = YES;
				CLANG_WARN_STRICT_PROTOTYPES = YES;
				CLANG_WARN_SUSPICIOUS_MOVE = YES;
				CLANG_WARN_UNGUARDED_AVAILABILITY = YES_AGGRESSIVE;
				CLANG_WARN_UNREACHABLE_CODE = YES;
				CLANG_WARN__DUPLICATE_METHOD_MATCH = YES;
				COPY_PHASE_STRIP = NO;
				DEBUG_INFORMATION_FORMAT = dwarf;
				ENABLE_STRICT_OBJC_MSGSEND = YES;
				ENABLE_TESTABILITY = YES;
				GCC_C_LANGUAGE_STANDARD = gnu11;
				GCC_DYNAMIC_NO_PIC = NO;
				GCC_NO_COMMON_BLOCKS = YES;
				GCC_OPTIMIZATION_LEVEL = 0;
				GCC_PREPROCESSOR_DEFINITIONS = (
					"DEBUG=1",
					"$(inherited)",
				);
				GCC_WARN_64_TO_32_BIT_CONVERSION = YES;
				GCC_WARN_ABOUT_RETURN_TYPE = YES_ERROR;
				GCC_WARN_UNDECLARED_SELECTOR = YES;
				GCC_WARN_UNINITIALIZED_AUTOS = YES_AGGRESSIVE;
				GCC_WARN_UNUSED_FUNCTION = YES;
				GCC_WARN_UNUSED_VARIABLE = YES;
				IPHONEOS_DEPLOYMENT_TARGET = 16.2;
				MTL_ENABLE_DEBUG_INFO = INCLUDE_SOURCE;
				MTL_FAST_MATH = YES;
				ONLY_ACTIVE_ARCH = YES;
				SDKROOT = iphoneos;
				SWIFT_ACTIVE_COMPILATION_CONDITIONS = DEBUG;
				SWIFT_OPTIMIZATION_LEVEL = "-Onone";
			};
			name = Debug;
		};
		15F6A7BA29AFC5AF000454FD /* Release */ = {
			isa = XCBuildConfiguration;
			buildSettings = {
				ALWAYS_SEARCH_USER_PATHS = NO;
				CLANG_ANALYZER_NONNULL = YES;
				CLANG_ANALYZER_NUMBER_OBJECT_CONVERSION = YES_AGGRESSIVE;
				CLANG_CXX_LANGUAGE_STANDARD = "gnu++20";
				CLANG_ENABLE_MODULES = YES;
				CLANG_ENABLE_OBJC_ARC = YES;
				CLANG_ENABLE_OBJC_WEAK = YES;
				CLANG_WARN_BLOCK_CAPTURE_AUTORELEASING = YES;
				CLANG_WARN_BOOL_CONVERSION = YES;
				CLANG_WARN_COMMA = YES;
				CLANG_WARN_CONSTANT_CONVERSION = YES;
				CLANG_WARN_DEPRECATED_OBJC_IMPLEMENTATIONS = YES;
				CLANG_WARN_DIRECT_OBJC_ISA_USAGE = YES_ERROR;
				CLANG_WARN_DOCUMENTATION_COMMENTS = YES;
				CLANG_WARN_EMPTY_BODY = YES;
				CLANG_WARN_ENUM_CONVERSION = YES;
				CLANG_WARN_INFINITE_RECURSION = YES;
				CLANG_WARN_INT_CONVERSION = YES;
				CLANG_WARN_NON_LITERAL_NULL_CONVERSION = YES;
				CLANG_WARN_OBJC_IMPLICIT_RETAIN_SELF = YES;
				CLANG_WARN_OBJC_LITERAL_CONVERSION = YES;
				CLANG_WARN_OBJC_ROOT_CLASS = YES_ERROR;
				CLANG_WARN_QUOTED_INCLUDE_IN_FRAMEWORK_HEADER = YES;
				CLANG_WARN_RANGE_LOOP_ANALYSIS = YES;
				CLANG_WARN_STRICT_PROTOTYPES = YES;
				CLANG_WARN_SUSPICIOUS_MOVE = YES;
				CLANG_WARN_UNGUARDED_AVAILABILITY = YES_AGGRESSIVE;
				CLANG_WARN_UNREACHABLE_CODE = YES;
				CLANG_WARN__DUPLICATE_METHOD_MATCH = YES;
				COPY_PHASE_STRIP = NO;
				DEBUG_INFORMATION_FORMAT = "dwarf-with-dsym";
				ENABLE_NS_ASSERTIONS = NO;
				ENABLE_STRICT_OBJC_MSGSEND = YES;
				GCC_C_LANGUAGE_STANDARD = gnu11;
				GCC_NO_COMMON_BLOCKS = YES;
				GCC_WARN_64_TO_32_BIT_CONVERSION = YES;
				GCC_WARN_ABOUT_RETURN_TYPE = YES_ERROR;
				GCC_WARN_UNDECLARED_SELECTOR = YES;
				GCC_WARN_UNINITIALIZED_AUTOS = YES_AGGRESSIVE;
				GCC_WARN_UNUSED_FUNCTION = YES;
				GCC_WARN_UNUSED_VARIABLE = YES;
				IPHONEOS_DEPLOYMENT_TARGET = 16.2;
				MTL_ENABLE_DEBUG_INFO = NO;
				MTL_FAST_MATH = YES;
				SDKROOT = iphoneos;
				SWIFT_COMPILATION_MODE = wholemodule;
				SWIFT_OPTIMIZATION_LEVEL = "-O";
				VALIDATE_PRODUCT = YES;
			};
			name = Release;
		};
		15F6A7BC29AFC5AF000454FD /* Debug */ = {
			isa = XCBuildConfiguration;
			buildSettings = {
				ASSETCATALOG_COMPILER_APPICON_NAME = AppIcon;
				ASSETCATALOG_COMPILER_GLOBAL_ACCENT_COLOR_NAME = AccentColor;
				CODE_SIGN_STYLE = Automatic;
				CURRENT_PROJECT_VERSION = 1;
				DEVELOPMENT_ASSET_PATHS = "\"ScrumDingerApple/Preview Content\"";
				DEVELOPMENT_TEAM = "";
				ENABLE_PREVIEWS = YES;
				GENERATE_INFOPLIST_FILE = YES;
				INFOPLIST_KEY_UIApplicationSceneManifest_Generation = YES;
				INFOPLIST_KEY_UIApplicationSupportsIndirectInputEvents = YES;
				INFOPLIST_KEY_UILaunchScreen_Generation = YES;
				INFOPLIST_KEY_UISupportedInterfaceOrientations_iPad = "UIInterfaceOrientationPortrait UIInterfaceOrientationPortraitUpsideDown UIInterfaceOrientationLandscapeLeft UIInterfaceOrientationLandscapeRight";
				INFOPLIST_KEY_UISupportedInterfaceOrientations_iPhone = "UIInterfaceOrientationPortrait UIInterfaceOrientationLandscapeLeft UIInterfaceOrientationLandscapeRight";
				IPHONEOS_DEPLOYMENT_TARGET = 16.2;
				LD_RUNPATH_SEARCH_PATHS = (
					"$(inherited)",
					"@executable_path/Frameworks",
				);
				MARKETING_VERSION = 1.0;
				PRODUCT_BUNDLE_IDENTIFIER = com.myTest.ScrumDingerApple;
				PRODUCT_NAME = "$(TARGET_NAME)";
				SWIFT_EMIT_LOC_STRINGS = YES;
				SWIFT_VERSION = 5.0;
				TARGETED_DEVICE_FAMILY = "1,2";
			};
			name = Debug;
		};
		15F6A7BD29AFC5AF000454FD /* Release */ = {
			isa = XCBuildConfiguration;
			buildSettings = {
				ASSETCATALOG_COMPILER_APPICON_NAME = AppIcon;
				ASSETCATALOG_COMPILER_GLOBAL_ACCENT_COLOR_NAME = AccentColor;
				CODE_SIGN_STYLE = Automatic;
				CURRENT_PROJECT_VERSION = 1;
				DEVELOPMENT_ASSET_PATHS = "\"ScrumDingerApple/Preview Content\"";
				DEVELOPMENT_TEAM = "";
				ENABLE_PREVIEWS = YES;
				GENERATE_INFOPLIST_FILE = YES;
				INFOPLIST_KEY_UIApplicationSceneManifest_Generation = YES;
				INFOPLIST_KEY_UIApplicationSupportsIndirectInputEvents = YES;
				INFOPLIST_KEY_UILaunchScreen_Generation = YES;
				INFOPLIST_KEY_UISupportedInterfaceOrientations_iPad = "UIInterfaceOrientationPortrait UIInterfaceOrientationPortraitUpsideDown UIInterfaceOrientationLandscapeLeft UIInterfaceOrientationLandscapeRight";
				INFOPLIST_KEY_UISupportedInterfaceOrientations_iPhone = "UIInterfaceOrientationPortrait UIInterfaceOrientationLandscapeLeft UIInterfaceOrientationLandscapeRight";
				IPHONEOS_DEPLOYMENT_TARGET = 16.2;
				LD_RUNPATH_SEARCH_PATHS = (
					"$(inherited)",
					"@executable_path/Frameworks",
				);
				MARKETING_VERSION = 1.0;
				PRODUCT_BUNDLE_IDENTIFIER = com.myTest.ScrumDingerApple;
				PRODUCT_NAME = "$(TARGET_NAME)";
				SWIFT_EMIT_LOC_STRINGS = YES;
				SWIFT_VERSION = 5.0;
				TARGETED_DEVICE_FAMILY = "1,2";
			};
			name = Release;
		};
/* End XCBuildConfiguration section */

/* Begin XCConfigurationList section */
		15F6A7A829AFC5AD000454FD /* Build configuration list for PBXProject "ScrumDingerApple" */ = {
			isa = XCConfigurationList;
			buildConfigurations = (
				15F6A7B929AFC5AF000454FD /* Debug */,
				15F6A7BA29AFC5AF000454FD /* Release */,
			);
			defaultConfigurationIsVisible = 0;
			defaultConfigurationName = Release;
		};
		15F6A7BB29AFC5AF000454FD /* Build configuration list for PBXNativeTarget "ScrumDingerApple" */ = {
			isa = XCConfigurationList;
			buildConfigurations = (
				15F6A7BC29AFC5AF000454FD /* Debug */,
				15F6A7BD29AFC5AF000454FD /* Release */,
			);
			defaultConfigurationIsVisible = 0;
			defaultConfigurationName = Release;
		};
/* End XCConfigurationList section */
	};
	rootObject = 15F6A7A529AFC5AD000454FD /* Project object */;
}
